
Microsoft Visual Studio Solution File, Format Version 12.00
# Visual Studio Express 2013 for Windows Desktop
VisualStudioVersion = 12.0.30501.0
MinimumVisualStudioVersion = 10.0.40219.1
Project("{FAE04EC0-301F-11D3-BF4B-00C04F79EFBC}") = "01_FibonacciNumbers", "01_FibonacciNumbers\01_FibonacciNumbers.csproj", "{FEAC98E4-F346-4B69-86A9-9F069F9E8CD2}"
EndProject
Project("{FAE04EC0-301F-11D3-BF4B-00C04F79EFBC}") = "02_PrimeChecker", "02_PrimeChecker\02_PrimeChecker.csproj", "{2F7DDF8A-305F-4C0D-95CE-CC0DFA2DE192}"
EndProject
Project("{FAE04EC0-301F-11D3-BF4B-00C04F79EFBC}") = "03_PrimesInGivenRange", "03_PrimesInGivenRange\03_PrimesInGivenRange.csproj", "{C3538386-044C-4932-A4E5-A934DB3A1015}"
EndProject
Project("{FAE04EC0-301F-11D3-BF4B-00C04F79EFBC}") = "04_DifferenceBetweenDates", "04_DifferenceBetweenDates\04_DifferenceBetweenDates.csproj", "{94CCFEC5-A2BC-425B-8425-6465EBF7507F}"
EndProject
Project("{FAE04EC0-301F-11D3-BF4B-00C04F79EFBC}") = "05_SortingNumbers", "05_SortingNumbers\05_SortingNumbers.csproj", "{21051697-D965-435C-BDDC-29B74DE4E01F}"
EndProject
Project("{FAE04EC0-301F-11D3-BF4B-00C04F79EFBC}") = "06_LongestAreaInArray", "06_LongestAreaInArray\06_LongestAreaInArray.csproj", "{4DEA35C2-D9D4-445C-B27A-5766F379DFAD}"
EndProject
Project("{FAE04EC0-301F-11D3-BF4B-00C04F79EFBC}") = "07_MatrixOfPalindromes", "07_MatrixOfPalindromes\07_MatrixOfPalindromes.csproj", "{E81EEB59-B977-4868-8CF3-0F1BAA24CB92}"
EndProject
Global
	GlobalSection(SolutionConfigurationPlatforms) = preSolution
		Debug|Any CPU = Debug|Any CPU
		Release|Any CPU = Release|Any CPU
	EndGlobalSection
	GlobalSection(ProjectConfigurationPlatforms) = postSolution
		{FEAC98E4-F346-4B69-86A9-9F069F9E8CD2}.Debug|Any CPU.ActiveCfg = Debug|Any CPU
		{FEAC98E4-F346-4B69-86A9-9F069F9E8CD2}.Debug|Any CPU.Build.0 = Debug|Any CPU
		{FEAC98E4-F346-4B69-86A9-9F069F9E8CD2}.Release|Any CPU.ActiveCfg = Release|Any CPU
		{FEAC98E4-F346-4B69-86A9-9F069F9E8CD2}.Release|Any CPU.Build.0 = Release|Any CPU
		{2F7DDF8A-305F-4C0D-95CE-CC0DFA2DE192}.Debug|Any CPU.ActiveCfg = Debug|Any CPU
		{2F7DDF8A-305F-4C0D-95CE-CC0DFA2DE192}.Debug|Any CPU.Build.0 = Debug|Any CPU
		{2F7DDF8A-305F-4C0D-95CE-CC0DFA2DE192}.Release|Any CPU.ActiveCfg = Release|Any CPU
		{2F7DDF8A-305F-4C0D-95CE-CC0DFA2DE192}.Release|Any CPU.Build.0 = Release|Any CPU
		{C3538386-044C-4932-A4E5-A934DB3A1015}.Debug|Any CPU.ActiveCfg = Debug|Any CPU
		{C3538386-044C-4932-A4E5-A934DB3A1015}.Debug|Any CPU.Build.0 = Debug|Any CPU
		{C3538386-044C-4932-A4E5-A934DB3A1015}.Release|Any CPU.ActiveCfg = Release|Any CPU
		{C3538386-044C-4932-A4E5-A934DB3A1015}.Release|Any CPU.Build.0 = Release|Any CPU
		{94CCFEC5-A2BC-425B-8425-6465EBF7507F}.Debug|Any CPU.ActiveCfg = Debug|Any CPU
		{94CCFEC5-A2BC-425B-8425-6465EBF7507F}.Debug|Any CPU.Build.0 = Debug|Any CPU
		{94CCFEC5-A2BC-425B-8425-6465EBF7507F}.Release|Any CPU.ActiveCfg = Release|Any CPU
		{94CCFEC5-A2BC-425B-8425-6465EBF7507F}.Release|Any CPU.Build.0 = Release|Any CPU
		{21051697-D965-435C-BDDC-29B74DE4E01F}.Debug|Any CPU.ActiveCfg = Debug|Any CPU
		{21051697-D965-435C-BDDC-29B74DE4E01F}.Debug|Any CPU.Build.0 = Debug|Any CPU
		{21051697-D965-435C-BDDC-29B74DE4E01F}.Release|Any CPU.ActiveCfg = Release|Any CPU
		{21051697-D965-435C-BDDC-29B74DE4E01F}.Release|Any CPU.Build.0 = Release|Any CPU
		{4DEA35C2-D9D4-445C-B27A-5766F379DFAD}.Debug|Any CPU.ActiveCfg = Debug|Any CPU
		{4DEA35C2-D9D4-445C-B27A-5766F379DFAD}.Debug|Any CPU.Build.0 = Debug|Any CPU
		{4DEA35C2-D9D4-445C-B27A-5766F379DFAD}.Release|Any CPU.ActiveCfg = Release|Any CPU
		{4DEA35C2-D9D4-445C-B27A-5766F379DFAD}.Release|Any CPU.Build.0 = Release|Any CPU
		{E81EEB59-B977-4868-8CF3-0F1BAA24CB92}.Debug|Any CPU.ActiveCfg = Debug|Any CPU
		{E81EEB59-B977-4868-8CF3-0F1BAA24CB92}.Debug|Any CPU.Build.0 = Debug|Any CPU
		{E81EEB59-B977-4868-8CF3-0F1BAA24CB92}.Release|Any CPU.ActiveCfg = Release|Any CPU
		{E81EEB59-B977-4868-8CF3-0F1BAA24CB92}.Release|Any CPU.Build.0 = Release|Any CPU
	EndGlobalSection
	GlobalSection(SolutionProperties) = preSolution
		HideSolutionNode = FALSE
	EndGlobalSection
EndGlobal
